Microsoft Visual Studio Solution File, Format Version 12.00
# Visual Studio Version 16
VisualStudioVersion = 16.0.28803.202
MinimumVisualStudioVersion = 10.0.40219.1
Project("{9A19103F-16F7-4668-BE54-9A1E7A4F7556}") = "UserProvisioningSample", "UserProvisioningSample.csproj", "{87C5D013-4DEA-4C35-82FC-9D3194C4A683}"
EndProject
Global
	GlobalSection(SolutionConfigurationPlatforms) = preSolution
		Debug|Any CPU = Debug|Any CPU
		Release|Any CPU = Release|Any CPU
	EndGlobalSection
	GlobalSection(ProjectConfigurationPlatforms) = postSolution
		{87C5D013-4DEA-4C35-82FC-9D3194C4A683}.Debug|Any CPU.ActiveCfg = Debug|Any CPU
		{87C5D013-4DEA-4C35-82FC-9D3194C4A683}.Debug|Any CPU.Build.0 = Debug|Any CPU
		{87C5D013-4DEA-4C35-82FC-9D3194C4A683}.Release|Any CPU.ActiveCfg = Release|Any CPU
		{87C5D013-4DEA-4C35-82FC-9D3194C4A683}.Release|Any CPU.Build.0 = Release|Any CPU
	EndGlobalSection
	GlobalSection(SolutionProperties) = preSolution
		HideSolutionNode = FALSE
	EndGlobalSection
	GlobalSection(ExtensibilityGlobals) = postSolution
		SolutionGuid = {710F2C84-9EC1-450B-A622-1AB20C785708}
	EndGlobalSection
EndGlobal
